
Microsoft Visual Studio Solution File, Format Version 12.00
# Visual Studio 2013
VisualStudioVersion = 12.0.21005.1
MinimumVisualStudioVersion = 10.0.40219.1
Project("{FAE04EC0-301F-11D3-BF4B-00C04F79EFBC}") = "HRMS.WEB", "HRMS\HRMS.WEB.csproj", "{CE73D6D0-28BF-4ACC-BF80-CE0CF044C57F}"
EndProject
Project("{FAE04EC0-301F-11D3-BF4B-00C04F79EFBC}") = "Dapper", "Dapper\Dapper.csproj", "{4DA6306B-B9F0-4E06-ACA0-2A1400DD9BD0}"
EndProject
Project("{FAE04EC0-301F-11D3-BF4B-00C04F79EFBC}") = "HRMS.Data", "HRMS.Data\HRMS.Data.csproj", "{8DCAD0CB-7995-459C-8AFE-C1C7CA426393}"
EndProject
Project("{FAE04EC0-301F-11D3-BF4B-00C04F79EFBC}") = "HRMS.Common", "HRMS.Common\HRMS.Common.csproj", "{EBBD1F29-D4D8-409D-A0C3-9B8ED0254B0E}"
EndProject
Project("{FAE04EC0-301F-11D3-BF4B-00C04F79EFBC}") = "GenerateDataMonthly", "GenerateDataMonthly\GenerateDataMonthly.csproj", "{4A9639DE-F27B-4606-856E-C6739A365953}"
EndProject
Project("{FAE04EC0-301F-11D3-BF4B-00C04F79EFBC}") = "ClinBrain.Data", "ClinBrain.Data\ClinBrain.Data.csproj", "{D27C61EF-5E16-4FDB-9E97-B97E5F130228}"
EndProject
Project("{FAE04EC0-301F-11D3-BF4B-00C04F79EFBC}") = "ClinBrain.OC", "ClinBrain.OC\ClinBrain.OC.csproj", "{45B30359-D5A4-403B-AB8F-02E4FAA38812}"
EndProject
Project("{FAE04EC0-301F-11D3-BF4B-00C04F79EFBC}") = "ClinBrain.WorkFlowEngine", "ClinBrain.WorkFlowEngine\ClinBrain.WorkFlowEngine.csproj", "{105A73CF-A16C-4AAD-9E5C-D6D86499AB88}"
EndProject
Global
	GlobalSection(SolutionConfigurationPlatforms) = preSolution
		Debug|Any CPU = Debug|Any CPU
		Release|Any CPU = Release|Any CPU
	EndGlobalSection
	GlobalSection(ProjectConfigurationPlatforms) = postSolution
		{CE73D6D0-28BF-4ACC-BF80-CE0CF044C57F}.Debug|Any CPU.ActiveCfg = Debug|Any CPU
		{CE73D6D0-28BF-4ACC-BF80-CE0CF044C57F}.Debug|Any CPU.Build.0 = Debug|Any CPU
		{CE73D6D0-28BF-4ACC-BF80-CE0CF044C57F}.Release|Any CPU.ActiveCfg = Release|Any CPU
		{CE73D6D0-28BF-4ACC-BF80-CE0CF044C57F}.Release|Any CPU.Build.0 = Release|Any CPU
		{4DA6306B-B9F0-4E06-ACA0-2A1400DD9BD0}.Debug|Any CPU.ActiveCfg = Debug|Any CPU
		{4DA6306B-B9F0-4E06-ACA0-2A1400DD9BD0}.Debug|Any CPU.Build.0 = Debug|Any CPU
		{4DA6306B-B9F0-4E06-ACA0-2A1400DD9BD0}.Release|Any CPU.ActiveCfg = Release|Any CPU
		{4DA6306B-B9F0-4E06-ACA0-2A1400DD9BD0}.Release|Any CPU.Build.0 = Release|Any CPU
		{8DCAD0CB-7995-459C-8AFE-C1C7CA426393}.Debug|Any CPU.ActiveCfg = Debug|Any CPU
		{8DCAD0CB-7995-459C-8AFE-C1C7CA426393}.Debug|Any CPU.Build.0 = Debug|Any CPU
		{8DCAD0CB-7995-459C-8AFE-C1C7CA426393}.Release|Any CPU.ActiveCfg = Release|Any CPU
		{8DCAD0CB-7995-459C-8AFE-C1C7CA426393}.Release|Any CPU.Build.0 = Release|Any CPU
		{EBBD1F29-D4D8-409D-A0C3-9B8ED0254B0E}.Debug|Any CPU.ActiveCfg = Debug|Any CPU
		{EBBD1F29-D4D8-409D-A0C3-9B8ED0254B0E}.Debug|Any CPU.Build.0 = Debug|Any CPU
		{EBBD1F29-D4D8-409D-A0C3-9B8ED0254B0E}.Release|Any CPU.ActiveCfg = Release|Any CPU
		{EBBD1F29-D4D8-409D-A0C3-9B8ED0254B0E}.Release|Any CPU.Build.0 = Release|Any CPU
		{4A9639DE-F27B-4606-856E-C6739A365953}.Debug|Any CPU.ActiveCfg = Debug|Any CPU
		{4A9639DE-F27B-4606-856E-C6739A365953}.Debug|Any CPU.Build.0 = Debug|Any CPU
		{4A9639DE-F27B-4606-856E-C6739A365953}.Release|Any CPU.ActiveCfg = Release|Any CPU
		{4A9639DE-F27B-4606-856E-C6739A365953}.Release|Any CPU.Build.0 = Release|Any CPU
		{D27C61EF-5E16-4FDB-9E97-B97E5F130228}.Debug|Any CPU.ActiveCfg = Debug|Any CPU
		{D27C61EF-5E16-4FDB-9E97-B97E5F130228}.Debug|Any CPU.Build.0 = Debug|Any CPU
		{D27C61EF-5E16-4FDB-9E97-B97E5F130228}.Release|Any CPU.ActiveCfg = Release|Any CPU
		{D27C61EF-5E16-4FDB-9E97-B97E5F130228}.Release|Any CPU.Build.0 = Release|Any CPU
		{45B30359-D5A4-403B-AB8F-02E4FAA38812}.Debug|Any CPU.ActiveCfg = Debug|Any CPU
		{45B30359-D5A4-403B-AB8F-02E4FAA38812}.Debug|Any CPU.Build.0 = Debug|Any CPU
		{45B30359-D5A4-403B-AB8F-02E4FAA38812}.Release|Any CPU.ActiveCfg = Release|Any CPU
		{45B30359-D5A4-403B-AB8F-02E4FAA38812}.Release|Any CPU.Build.0 = Release|Any CPU
		{105A73CF-A16C-4AAD-9E5C-D6D86499AB88}.Debug|Any CPU.ActiveCfg = Debug|Any CPU
		{105A73CF-A16C-4AAD-9E5C-D6D86499AB88}.Debug|Any CPU.Build.0 = Debug|Any CPU
		{105A73CF-A16C-4AAD-9E5C-D6D86499AB88}.Release|Any CPU.ActiveCfg = Release|Any CPU
		{105A73CF-A16C-4AAD-9E5C-D6D86499AB88}.Release|Any CPU.Build.0 = Release|Any CPU
	EndGlobalSection
	GlobalSection(SolutionProperties) = preSolution
		HideSolutionNode = FALSE
	EndGlobalSection
EndGlobal
